
Microsoft Visual Studio Solution File, Format Version 12.00
# Visual Studio Version 17
VisualStudioVersion = 17.11.35303.130
MinimumVisualStudioVersion = 10.0.40219.1
Project("{2150E333-8FDC-42A3-9474-1A3956D46DE8}") = "Task0", "Task0", "{4BFC7BAB-1B9C-421F-8A8B-19374428FB46}"
EndProject
Project("{9A19103F-16F7-4668-BE54-9A1E7A4F7556}") = "Tyuiu.GulienkoPO.Sprint4.Task0.V2", "Tyuiu.GulienkoPO.Sprint4.Task0.V2\Tyuiu.GulienkoPO.Sprint4.Task0.V2.csproj", "{A7595359-DBD0-416B-B4C9-65D3BBF7203B}"
EndProject
Project("{9A19103F-16F7-4668-BE54-9A1E7A4F7556}") = "Tyuiu.GulienkoPO.Sprint4.Task0.V2.Test", "Tyuiu.GulienkoPO.Sprint4.Task0.V2.Test\Tyuiu.GulienkoPO.Sprint4.Task0.V2.Test.csproj", "{A966F0CF-C385-4CD2-952B-1FC6F4C31DFC}"
EndProject
Project("{9A19103F-16F7-4668-BE54-9A1E7A4F7556}") = "Tyuiu.GulienkoPO.Sprint4.Task0.V2.Lib", "Tyuiu.GulienkoPO.Sprint4.Task0.V2.Lib\Tyuiu.GulienkoPO.Sprint4.Task0.V2.Lib.csproj", "{A890426F-5658-45AF-84C9-47A5A3132B02}"
EndProject
Project("{2150E333-8FDC-42A3-9474-1A3956D46DE8}") = "Task1", "Task1", "{C1CA9B4C-DBAA-4218-B4FB-29FFE4F4589F}"
EndProject
Project("{9A19103F-16F7-4668-BE54-9A1E7A4F7556}") = "Tyuiu.GulienkoPO.Sprint4.Task1.V10", "Tyuiu.GulienkoPO.Sprint4.Task1.V10\Tyuiu.GulienkoPO.Sprint4.Task1.V10.csproj", "{944EA5FF-F172-45FE-818C-0C3659D396E1}"
EndProject
Project("{9A19103F-16F7-4668-BE54-9A1E7A4F7556}") = "Tyuiu.GulienkoPO.Sprint4.Task1.V10.Test", "Tyuiu.GulienkoPO.Sprint4.Task1.V10.Test\Tyuiu.GulienkoPO.Sprint4.Task1.V10.Test.csproj", "{C052CC6F-F526-4E75-B194-CBD2A03CBAC3}"
EndProject
Project("{9A19103F-16F7-4668-BE54-9A1E7A4F7556}") = "Tyuiu.GulienkoPO.Sprint4.Task1.V10.Lib", "Tyuiu.GulienkoPO.Sprint4.Task1.V10.Lib\Tyuiu.GulienkoPO.Sprint4.Task1.V10.Lib.csproj", "{AC453FD4-8D99-470E-B362-5E61ADB0276A}"
EndProject
Project("{2150E333-8FDC-42A3-9474-1A3956D46DE8}") = "Task2", "Task2", "{D1050135-179B-4AB2-907F-E98F61951FD2}"
EndProject
Project("{9A19103F-16F7-4668-BE54-9A1E7A4F7556}") = "Tyuiu.GulienkoPO.Sprint4.Task2.V24", "Tyuiu.GulienkoPO.Sprint4.Task2.V24\Tyuiu.GulienkoPO.Sprint4.Task2.V24.csproj", "{8F109546-F42B-4588-BBCD-BF457BAB32D0}"
EndProject
Project("{9A19103F-16F7-4668-BE54-9A1E7A4F7556}") = "Tyuiu.GulienkoPO.Sprint4.Task2.V24.Test", "Tyuiu.GulienkoPO.Sprint4.Task2.V24.Test\Tyuiu.GulienkoPO.Sprint4.Task2.V24.Test.csproj", "{F64A53DB-16D0-4F43-B32B-0FE8204AE297}"
EndProject
Project("{9A19103F-16F7-4668-BE54-9A1E7A4F7556}") = "Tyuiu.GulienkoPO.Sprint4.Task2.V24.Lib", "Tyuiu.GulienkoPO.Sprint4.Task2.V24.Lib\Tyuiu.GulienkoPO.Sprint4.Task2.V24.Lib.csproj", "{F2B82533-DDA9-42DF-B60D-EAAFBF54E4BE}"
EndProject
Project("{2150E333-8FDC-42A3-9474-1A3956D46DE8}") = "Task3", "Task3", "{A3558F70-A172-4749-A490-134257CCC704}"
EndProject
Project("{9A19103F-16F7-4668-BE54-9A1E7A4F7556}") = "Tyuiu.GulienkoPO.Sprint4.Task3.V26", "Tyuiu.GulienkoPO.Sprint4.Task3.V26\Tyuiu.GulienkoPO.Sprint4.Task3.V26.csproj", "{99187AC8-1E78-474E-9D72-32A73E4E5353}"
EndProject
Project("{9A19103F-16F7-4668-BE54-9A1E7A4F7556}") = "Tyuiu.GulienkoPO.Sprint4.Task3.V26.Test", "Tyuiu.GulienkoPO.Sprint4.Task3.V26.Test\Tyuiu.GulienkoPO.Sprint4.Task3.V26.Test.csproj", "{4F953989-92B7-481E-B54B-8AD2EFAE4D9E}"
EndProject
Project("{9A19103F-16F7-4668-BE54-9A1E7A4F7556}") = "Tyuiu.GulienkoPO.Sprint4.Task3.V26.Lib", "Tyuiu.GulienkoPO.Sprint4.Task3.V26.Lib\Tyuiu.GulienkoPO.Sprint4.Task3.V26.Lib.csproj", "{8B04BE9E-65C8-4F31-B6A7-26A8947DB530}"
EndProject
Project("{2150E333-8FDC-42A3-9474-1A3956D46DE8}") = "Task4", "Task4", "{B92E710F-ED61-4D19-83B7-6FBC86EBD663}"
EndProject
Project("{FAE04EC0-301F-11D3-BF4B-00C04F79EFBC}") = "Tyuiu.GulienkoPO.Sprint4.Task4.V16", "Tyuiu.GulienkoPO.Sprint4.Task4.V16\Tyuiu.GulienkoPO.Sprint4.Task4.V16.csproj", "{F32E3D31-7830-4159-9D3B-AF9AFDB224FC}"
EndProject
Project("{FAE04EC0-301F-11D3-BF4B-00C04F79EFBC}") = "Tyuiu.GulienkoPO.Sprint4.Task4.V16.Test", "Tyuiu.GulienkoPO.Sprint4.Task4.V16.Test\Tyuiu.GulienkoPO.Sprint4.Task4.V16.Test.csproj", "{CA13E17D-FD45-47BB-8CC1-490D4A6724E7}"
EndProject
Project("{FAE04EC0-301F-11D3-BF4B-00C04F79EFBC}") = "Tyuiu.GulienkoPO.Sprint4.Task4.V16.Lib", "Tyuiu.GulienkoPO.Sprint4.Task4.V16.Lib\Tyuiu.GulienkoPO.Sprint4.Task4.V16.Lib.csproj", "{0592E4B4-F7B6-4EC7-B833-4CBBC7FBBB09}"
EndProject
Project("{2150E333-8FDC-42A3-9474-1A3956D46DE8}") = "Task5", "Task5", "{076E8005-D001-4386-B304-7359A64AB189}"
EndProject
Project("{FAE04EC0-301F-11D3-BF4B-00C04F79EFBC}") = "Tyuiu.GulienkoPO.Sprint4.Task5.V2", "Tyuiu.GulienkoPO.Sprint4.Task5.V2\Tyuiu.GulienkoPO.Sprint4.Task5.V2.csproj", "{EB191611-CE74-424B-8D2A-126336F52DFE}"
EndProject
Project("{FAE04EC0-301F-11D3-BF4B-00C04F79EFBC}") = "Tyuiu.GulienkoPO.Sprint4.Task5.V2.Test", "Tyuiu.GulienkoPO.Sprint4.Task5.V2.Test\Tyuiu.GulienkoPO.Sprint4.Task5.V2.Test.csproj", "{59A61801-BF9D-4E87-9BFA-370B386DE0FC}"
EndProject
Project("{FAE04EC0-301F-11D3-BF4B-00C04F79EFBC}") = "Tyuiu.GulienkoPO.Sprint4.Task5.V2.Lib", "Tyuiu.GulienkoPO.Sprint4.Task5.V2.Lib\Tyuiu.GulienkoPO.Sprint4.Task5.V2.Lib.csproj", "{E0A07379-DA83-46A0-B6A3-8AC557B6CF12}"
EndProject
Global
	GlobalSection(SolutionConfigurationPlatforms) = preSolution
		Debug|Any CPU = Debug|Any CPU
		Release|Any CPU = Release|Any CPU
	EndGlobalSection
	GlobalSection(ProjectConfigurationPlatforms) = postSolution
		{A7595359-DBD0-416B-B4C9-65D3BBF7203B}.Debug|Any CPU.ActiveCfg = Debug|Any CPU
		{A7595359-DBD0-416B-B4C9-65D3BBF7203B}.Debug|Any CPU.Build.0 = Debug|Any CPU
		{A7595359-DBD0-416B-B4C9-65D3BBF7203B}.Release|Any CPU.ActiveCfg = Release|Any CPU
		{A7595359-DBD0-416B-B4C9-65D3BBF7203B}.Release|Any CPU.Build.0 = Release|Any CPU
		{A966F0CF-C385-4CD2-952B-1FC6F4C31DFC}.Debug|Any CPU.ActiveCfg = Debug|Any CPU
		{A966F0CF-C385-4CD2-952B-1FC6F4C31DFC}.Debug|Any CPU.Build.0 = Debug|Any CPU
		{A966F0CF-C385-4CD2-952B-1FC6F4C31DFC}.Release|Any CPU.ActiveCfg = Release|Any CPU
		{A966F0CF-C385-4CD2-952B-1FC6F4C31DFC}.Release|Any CPU.Build.0 = Release|Any CPU
		{A890426F-5658-45AF-84C9-47A5A3132B02}.Debug|Any CPU.ActiveCfg = Debug|Any CPU
		{A890426F-5658-45AF-84C9-47A5A3132B02}.Debug|Any CPU.Build.0 = Debug|Any CPU
		{A890426F-5658-45AF-84C9-47A5A3132B02}.Release|Any CPU.ActiveCfg = Release|Any CPU
		{A890426F-5658-45AF-84C9-47A5A3132B02}.Release|Any CPU.Build.0 = Release|Any CPU
		{944EA5FF-F172-45FE-818C-0C3659D396E1}.Debug|Any CPU.ActiveCfg = Debug|Any CPU
		{944EA5FF-F172-45FE-818C-0C3659D396E1}.Debug|Any CPU.Build.0 = Debug|Any CPU
		{944EA5FF-F172-45FE-818C-0C3659D396E1}.Release|Any CPU.ActiveCfg = Release|Any CPU
		{944EA5FF-F172-45FE-818C-0C3659D396E1}.Release|Any CPU.Build.0 = Release|Any CPU
		{C052CC6F-F526-4E75-B194-CBD2A03CBAC3}.Debug|Any CPU.ActiveCfg = Debug|Any CPU
		{C052CC6F-F526-4E75-B194-CBD2A03CBAC3}.Debug|Any CPU.Build.0 = Debug|Any CPU
		{C052CC6F-F526-4E75-B194-CBD2A03CBAC3}.Release|Any CPU.ActiveCfg = Release|Any CPU
		{C052CC6F-F526-4E75-B194-CBD2A03CBAC3}.Release|Any CPU.Build.0 = Release|Any CPU
		{AC453FD4-8D99-470E-B362-5E61ADB0276A}.Debug|Any CPU.ActiveCfg = Debug|Any CPU
		{AC453FD4-8D99-470E-B362-5E61ADB0276A}.Debug|Any CPU.Build.0 = Debug|Any CPU
		{AC453FD4-8D99-470E-B362-5E61ADB0276A}.Release|Any CPU.ActiveCfg = Release|Any CPU
		{AC453FD4-8D99-470E-B362-5E61ADB0276A}.Release|Any CPU.Build.0 = Release|Any CPU
		{8F109546-F42B-4588-BBCD-BF457BAB32D0}.Debug|Any CPU.ActiveCfg = Debug|Any CPU
		{8F109546-F42B-4588-BBCD-BF457BAB32D0}.Debug|Any CPU.Build.0 = Debug|Any CPU
		{8F109546-F42B-4588-BBCD-BF457BAB32D0}.Release|Any CPU.ActiveCfg = Release|Any CPU
		{8F109546-F42B-4588-BBCD-BF457BAB32D0}.Release|Any CPU.Build.0 = Release|Any CPU
		{F64A53DB-16D0-4F43-B32B-0FE8204AE297}.Debug|Any CPU.ActiveCfg = Debug|Any CPU
		{F64A53DB-16D0-4F43-B32B-0FE8204AE297}.Debug|Any CPU.Build.0 = Debug|Any CPU
		{F64A53DB-16D0-4F43-B32B-0FE8204AE297}.Release|Any CPU.ActiveCfg = Release|Any CPU
		{F64A53DB-16D0-4F43-B32B-0FE8204AE297}.Release|Any CPU.Build.0 = Release|Any CPU
		{F2B82533-DDA9-42DF-B60D-EAAFBF54E4BE}.Debug|Any CPU.ActiveCfg = Debug|Any CPU
		{F2B82533-DDA9-42DF-B60D-EAAFBF54E4BE}.Debug|Any CPU.Build.0 = Debug|Any CPU
		{F2B82533-DDA9-42DF-B60D-EAAFBF54E4BE}.Release|Any CPU.ActiveCfg = Release|Any CPU
		{F2B82533-DDA9-42DF-B60D-EAAFBF54E4BE}.Release|Any CPU.Build.0 = Release|Any CPU
		{99187AC8-1E78-474E-9D72-32A73E4E5353}.Debug|Any CPU.ActiveCfg = Debug|Any CPU
		{99187AC8-1E78-474E-9D72-32A73E4E5353}.Debug|Any CPU.Build.0 = Debug|Any CPU
		{99187AC8-1E78-474E-9D72-32A73E4E5353}.Release|Any CPU.ActiveCfg = Release|Any CPU
		{99187AC8-1E78-474E-9D72-32A73E4E5353}.Release|Any CPU.Build.0 = Release|Any CPU
		{4F953989-92B7-481E-B54B-8AD2EFAE4D9E}.Debug|Any CPU.ActiveCfg = Debug|Any CPU
		{4F953989-92B7-481E-B54B-8AD2EFAE4D9E}.Debug|Any CPU.Build.0 = Debug|Any CPU
		{4F953989-92B7-481E-B54B-8AD2EFAE4D9E}.Release|Any CPU.ActiveCfg = Release|Any CPU
		{4F953989-92B7-481E-B54B-8AD2EFAE4D9E}.Release|Any CPU.Build.0 = Release|Any CPU
		{8B04BE9E-65C8-4F31-B6A7-26A8947DB530}.Debug|Any CPU.ActiveCfg = Debug|Any CPU
		{8B04BE9E-65C8-4F31-B6A7-26A8947DB530}.Debug|Any CPU.Build.0 = Debug|Any CPU
		{8B04BE9E-65C8-4F31-B6A7-26A8947DB530}.Release|Any CPU.ActiveCfg = Release|Any CPU
		{8B04BE9E-65C8-4F31-B6A7-26A8947DB530}.Release|Any CPU.Build.0 = Release|Any CPU
		{F32E3D31-7830-4159-9D3B-AF9AFDB224FC}.Debug|Any CPU.ActiveCfg = Debug|Any CPU
		{F32E3D31-7830-4159-9D3B-AF9AFDB224FC}.Debug|Any CPU.Build.0 = Debug|Any CPU
		{F32E3D31-7830-4159-9D3B-AF9AFDB224FC}.Release|Any CPU.ActiveCfg = Release|Any CPU
		{F32E3D31-7830-4159-9D3B-AF9AFDB224FC}.Release|Any CPU.Build.0 = Release|Any CPU
		{CA13E17D-FD45-47BB-8CC1-490D4A6724E7}.Debug|Any CPU.ActiveCfg = Debug|Any CPU
		{CA13E17D-FD45-47BB-8CC1-490D4A6724E7}.Debug|Any CPU.Build.0 = Debug|Any CPU
		{CA13E17D-FD45-47BB-8CC1-490D4A6724E7}.Release|Any CPU.ActiveCfg = Release|Any CPU
		{CA13E17D-FD45-47BB-8CC1-490D4A6724E7}.Release|Any CPU.Build.0 = Release|Any CPU
		{0592E4B4-F7B6-4EC7-B833-4CBBC7FBBB09}.Debug|Any CPU.ActiveCfg = Debug|Any CPU
		{0592E4B4-F7B6-4EC7-B833-4CBBC7FBBB09}.Debug|Any CPU.Build.0 = Debug|Any CPU
		{0592E4B4-F7B6-4EC7-B833-4CBBC7FBBB09}.Release|Any CPU.ActiveCfg = Release|Any CPU
		{0592E4B4-F7B6-4EC7-B833-4CBBC7FBBB09}.Release|Any CPU.Build.0 = Release|Any CPU
		{EB191611-CE74-424B-8D2A-126336F52DFE}.Debug|Any CPU.ActiveCfg = Debug|Any CPU
		{EB191611-CE74-424B-8D2A-126336F52DFE}.Debug|Any CPU.Build.0 = Debug|Any CPU
		{EB191611-CE74-424B-8D2A-126336F52DFE}.Release|Any CPU.ActiveCfg = Release|Any CPU
		{EB191611-CE74-424B-8D2A-126336F52DFE}.Release|Any CPU.Build.0 = Release|Any CPU
		{59A61801-BF9D-4E87-9BFA-370B386DE0FC}.Debug|Any CPU.ActiveCfg = Debug|Any CPU
		{59A61801-BF9D-4E87-9BFA-370B386DE0FC}.Debug|Any CPU.Build.0 = Debug|Any CPU
		{59A61801-BF9D-4E87-9BFA-370B386DE0FC}.Release|Any CPU.ActiveCfg = Release|Any CPU
		{59A61801-BF9D-4E87-9BFA-370B386DE0FC}.Release|Any CPU.Build.0 = Release|Any CPU
		{E0A07379-DA83-46A0-B6A3-8AC557B6CF12}.Debug|Any CPU.ActiveCfg = Debug|Any CPU
		{E0A07379-DA83-46A0-B6A3-8AC557B6CF12}.Debug|Any CPU.Build.0 = Debug|Any CPU
		{E0A07379-DA83-46A0-B6A3-8AC557B6CF12}.Release|Any CPU.ActiveCfg = Release|Any CPU
		{E0A07379-DA83-46A0-B6A3-8AC557B6CF12}.Release|Any CPU.Build.0 = Release|Any CPU
	EndGlobalSection
	GlobalSection(SolutionProperties) = preSolution
		HideSolutionNode = FALSE
	EndGlobalSection
	GlobalSection(NestedProjects) = preSolution
		{A7595359-DBD0-416B-B4C9-65D3BBF7203B} = {4BFC7BAB-1B9C-421F-8A8B-19374428FB46}
		{A966F0CF-C385-4CD2-952B-1FC6F4C31DFC} = {4BFC7BAB-1B9C-421F-8A8B-19374428FB46}
		{A890426F-5658-45AF-84C9-47A5A3132B02} = {4BFC7BAB-1B9C-421F-8A8B-19374428FB46}
		{944EA5FF-F172-45FE-818C-0C3659D396E1} = {C1CA9B4C-DBAA-4218-B4FB-29FFE4F4589F}
		{C052CC6F-F526-4E75-B194-CBD2A03CBAC3} = {C1CA9B4C-DBAA-4218-B4FB-29FFE4F4589F}
		{AC453FD4-8D99-470E-B362-5E61ADB0276A} = {C1CA9B4C-DBAA-4218-B4FB-29FFE4F4589F}
		{8F109546-F42B-4588-BBCD-BF457BAB32D0} = {D1050135-179B-4AB2-907F-E98F61951FD2}
		{F64A53DB-16D0-4F43-B32B-0FE8204AE297} = {D1050135-179B-4AB2-907F-E98F61951FD2}
		{F2B82533-DDA9-42DF-B60D-EAAFBF54E4BE} = {D1050135-179B-4AB2-907F-E98F61951FD2}
		{99187AC8-1E78-474E-9D72-32A73E4E5353} = {A3558F70-A172-4749-A490-134257CCC704}
		{4F953989-92B7-481E-B54B-8AD2EFAE4D9E} = {A3558F70-A172-4749-A490-134257CCC704}
		{8B04BE9E-65C8-4F31-B6A7-26A8947DB530} = {A3558F70-A172-4749-A490-134257CCC704}
		{F32E3D31-7830-4159-9D3B-AF9AFDB224FC} = {B92E710F-ED61-4D19-83B7-6FBC86EBD663}
		{CA13E17D-FD45-47BB-8CC1-490D4A6724E7} = {B92E710F-ED61-4D19-83B7-6FBC86EBD663}
		{0592E4B4-F7B6-4EC7-B833-4CBBC7FBBB09} = {B92E710F-ED61-4D19-83B7-6FBC86EBD663}
		{EB191611-CE74-424B-8D2A-126336F52DFE} = {076E8005-D001-4386-B304-7359A64AB189}
		{59A61801-BF9D-4E87-9BFA-370B386DE0FC} = {076E8005-D001-4386-B304-7359A64AB189}
		{E0A07379-DA83-46A0-B6A3-8AC557B6CF12} = {076E8005-D001-4386-B304-7359A64AB189}
	EndGlobalSection
	GlobalSection(ExtensibilityGlobals) = postSolution
		SolutionGuid = {D38D1BF7-63D1-4861-8EB3-D2A68EDE35A6}
	EndGlobalSection
EndGlobal
